{
  "pins" : [
    {
      "identity" : "radiobutton",
      "kind" : "remoteSourceControl",
      "location" : "https://github.com/lukluca/RadioButton",
      "state" : {
        "branch" : "develop",
        "revision" : "e342b0d94e8bc76db18d777f1d6275a6f2a4d3dc"
      }
    }
  ],
  "version" : 2
}
