{
  "pins" : [
    {
      "identity" : "radiobutton",
      "kind" : "remoteSourceControl",
      "location" : "https://github.com/lukluca/RadioButton",
      "state" : {
        "branch" : "develop",
        "revision" : "61b9c060a28c854a740c4cfcc5c5088a569804ba"
      }
    }
  ],
  "version" : 2
}
