{
  "pins" : [
    {
      "identity" : "radiobutton",
      "kind" : "remoteSourceControl",
      "location" : "https://github.com/lukluca/RadioButton",
      "state" : {
        "revision" : "dccef802d6b95cd43a65450ca71af4e1d56b05c7",
        "version" : "1.2.0"
      }
    }
  ],
  "version" : 2
}
